
Microsoft Visual Studio Solution File, Format Version 12.00
# Visual Studio Version 17
VisualStudioVersion = 17.14.36414.22 d17.14
MinimumVisualStudioVersion = 10.0.40219.1
Project("{FAE04EC0-301F-11D3-BF4B-00C04F79EFBC}") = "ModuleCPD", "ModuleCPD.csproj", "{335B5CA3-85BF-43CF-866D-3894DF094DEE}"
EndProject
Global
	GlobalSection(SolutionConfigurationPlatforms) = preSolution
		Debug|Any CPU = Debug|Any CPU
		Release|Any CPU = Release|Any CPU
	EndGlobalSection
	GlobalSection(ProjectConfigurationPlatforms) = postSolution
		{335B5CA3-85BF-43CF-866D-3894DF094DEE}.Debug|Any CPU.ActiveCfg = Debug|Any CPU
		{335B5CA3-85BF-43CF-866D-3894DF094DEE}.Debug|Any CPU.Build.0 = Debug|Any CPU
		{335B5CA3-85BF-43CF-866D-3894DF094DEE}.Release|Any CPU.ActiveCfg = Release|Any CPU
		{335B5CA3-85BF-43CF-866D-3894DF094DEE}.Release|Any CPU.Build.0 = Release|Any CPU
	EndGlobalSection
	GlobalSection(SolutionProperties) = preSolution
		HideSolutionNode = FALSE
	EndGlobalSection
	GlobalSection(ExtensibilityGlobals) = postSolution
		SolutionGuid = {C2CA43D6-21C1-459D-9315-87C31CBB5EEB}
	EndGlobalSection
EndGlobal
